
Microsoft Visual Studio Solution File, Format Version 12.00
# Visual Studio 2013
VisualStudioVersion = 12.0.40629.0
MinimumVisualStudioVersion = 10.0.40219.1
Project("{FAE04EC0-301F-11D3-BF4B-00C04F79EFBC}") = "CPSC481_Horizontal_Prototype", "CPSC481_Horizontal_Prototype\CPSC481_Horizontal_Prototype.csproj", "{24270F62-1A4D-49D6-BC83-8F80075D4DFF}"
EndProject
Global
	GlobalSection(SolutionConfigurationPlatforms) = preSolution
		Debug|Any CPU = Debug|Any CPU
		Release|Any CPU = Release|Any CPU
	EndGlobalSection
	GlobalSection(ProjectConfigurationPlatforms) = postSolution
		{24270F62-1A4D-49D6-BC83-8F80075D4DFF}.Debug|Any CPU.ActiveCfg = Debug|Any CPU
		{24270F62-1A4D-49D6-BC83-8F80075D4DFF}.Debug|Any CPU.Build.0 = Debug|Any CPU
		{24270F62-1A4D-49D6-BC83-8F80075D4DFF}.Release|Any CPU.ActiveCfg = Release|Any CPU
		{24270F62-1A4D-49D6-BC83-8F80075D4DFF}.Release|Any CPU.Build.0 = Release|Any CPU
	EndGlobalSection
	GlobalSection(SolutionProperties) = preSolution
		HideSolutionNode = FALSE
	EndGlobalSection
EndGlobal
